// !$*UTF8*$!
{
	archiveVersion = 1;
	classes = {
	};
	objectVersion = 46;
	objects = {

/* Begin PBXBuildFile section */
		08443AA899ED0C917259E665 /* PlatformRootViews.swift in Sources */ = {isa = PBXBuildFile; fileRef = 61EFF55BAEC1C711545AD0BB /* PlatformRootViews.swift */; };
		0A1592F61622BE972713A5F6 /* Cocoa.framework in Frameworks */ = {isa = PBXBuildFile; fileRef = 0D07C137A79764FCC57EBC77 /* Cocoa.framework */; };
		0B49DA27CC6D757D0202E500 /* FavoritesScreen.swift in Sources */ = {isa = PBXBuildFile; fileRef = 25FBBC294181CA4ACA438841 /* FavoritesScreen.swift */; };
		141439E53FC14D01770FF91A /* SCPFoundationVisionApp.swift in Sources */ = {isa = PBXBuildFile; fileRef = 2B24C484A94AE31861D308B8 /* SCPFoundationVisionApp.swift */; };
		168D2BC5ABE5E65168A09159 /* SCPDetailScreen.swift in Sources */ = {isa = PBXBuildFile; fileRef = 1576BB62F2D5ADBA1878F6AF /* SCPDetailScreen.swift */; };
		21D05601C551BD62905B76EC /* SwiftUI.framework.framework in Frameworks */ = {isa = PBXBuildFile; fileRef = 29E58764077CE104D933783C /* SwiftUI.framework.framework */; };
		23F3D0EF2C95E88D141465BF /* SwiftUI.framework.framework in Frameworks */ = {isa = PBXBuildFile; fileRef = F12201EBDFD8668CCFE37263 /* SwiftUI.framework.framework */; };
		2A2CC471A771497BDC03A3B3 /* SCPObject.swift in Sources */ = {isa = PBXBuildFile; fileRef = 6F6C8A5864B0C1C173945C55 /* SCPObject.swift */; };
		2B6C7598231412EB24FEDD4D /* ContainmentActivityAttributes.swift in Sources */ = {isa = PBXBuildFile; fileRef = 47A677F01C98D22859F3E0CE /* ContainmentActivityAttributes.swift */; };
		30089949C319C75562CD352E /* LiquidGlassKit.swift in Sources */ = {isa = PBXBuildFile; fileRef = D5B307121474AABC187A93CC /* LiquidGlassKit.swift */; };
		33396FB7C00A3C94D9DDCF60 /* SCPFoundationWatchApp.swift in Sources */ = {isa = PBXBuildFile; fileRef = 66177E86001ACF8516E71C11 /* SCPFoundationWatchApp.swift */; };
		36208E991A1BEB1BDE31F3AD /* ContainmentLiveActivityManager.swift in Sources */ = {isa = PBXBuildFile; fileRef = 09A692EE1C69135B96010047 /* ContainmentLiveActivityManager.swift */; };
		3B3C8045E49D230FD149ECD4 /* AuthStore.swift in Sources */ = {isa = PBXBuildFile; fileRef = 0A567E894F7BB8FD79ED5E5E /* AuthStore.swift */; };
		417106D6CF8CA9EE581DDD90 /* Foundation.framework in Frameworks */ = {isa = PBXBuildFile; fileRef = E6F5E4CCC41BDE516AC9B110 /* Foundation.framework */; };
		47A7C20F37093F01638879EC /* SCPIncidentDoc.swift in Sources */ = {isa = PBXBuildFile; fileRef = FC1561B213F1FA771D0090A3 /* SCPIncidentDoc.swift */; };
		4832EE0A41B862869471D3E2 /* SCPStore.swift in Sources */ = {isa = PBXBuildFile; fileRef = 7F965E17A8685E96DD58BE9E /* SCPStore.swift */; };
		4CA709CD31E1A9C2F2BE7975 /* WidgetKit.framework.framework in Frameworks */ = {isa = PBXBuildFile; fileRef = CF493569CBB0E57143B20AC5 /* WidgetKit.framework.framework */; };
		4E708F3C44F84421840195C1 /* BriefingScreen.swift in Sources */ = {isa = PBXBuildFile; fileRef = 823F151E82E656F57C2DDB61 /* BriefingScreen.swift */; };
		4FBA626114CEB24F998B3904 /* SwiftUI.framework.framework in Frameworks */ = {isa = PBXBuildFile; fileRef = 29E58764077CE104D933783C /* SwiftUI.framework.framework */; };
		55D12C09FB183D0F7815C990 /* AppLanguage.swift in Sources */ = {isa = PBXBuildFile; fileRef = 9F8708C3D55E5171EB30D8F7 /* AppLanguage.swift */; };
		5E74461098813F4B64AF7706 /* SCPObject.swift in Sources */ = {isa = PBXBuildFile; fileRef = 6F6C8A5864B0C1C173945C55 /* SCPObject.swift */; };
		5EB853A52387AD238A3C1973 /* SCPRepository.swift in Sources */ = {isa = PBXBuildFile; fileRef = 0C7F1B7ADE938C263904D4C6 /* SCPRepository.swift */; };
		6128892CFCC57E44E0D401CB /* SCPRepository.swift in Sources */ = {isa = PBXBuildFile; fileRef = 0C7F1B7ADE938C263904D4C6 /* SCPRepository.swift */; };
		62D66FD9D396AF5E7CF89649 /* SCPObject.swift in Sources */ = {isa = PBXBuildFile; fileRef = 6F6C8A5864B0C1C173945C55 /* SCPObject.swift */; };
		69369E151FB824C81C50EE0E /* SCPObject.swift in Sources */ = {isa = PBXBuildFile; fileRef = 6F6C8A5864B0C1C173945C55 /* SCPObject.swift */; };
		6FE3C724F5B8490C3D496702 /* SCPStore.swift in Sources */ = {isa = PBXBuildFile; fileRef = 7F965E17A8685E96DD58BE9E /* SCPStore.swift */; };
		707976FE5BB9F368D65D5C51 /* ProfileAvatarStore.swift in Sources */ = {isa = PBXBuildFile; fileRef = C63D509A4F3724C4749884EF /* ProfileAvatarStore.swift */; };
		773651F1D000A16F71D49A2E /* SCPObject.swift in Sources */ = {isa = PBXBuildFile; fileRef = 6F6C8A5864B0C1C173945C55 /* SCPObject.swift */; };
		79A20C41DFB90C49DE4727BC /* LiquidGlassKit.swift in Sources */ = {isa = PBXBuildFile; fileRef = D5B307121474AABC187A93CC /* LiquidGlassKit.swift */; };
		7C566AB069767FA5573801CE /* ContainmentActivityWidget.swift in Sources */ = {isa = PBXBuildFile; fileRef = 663630687CD54A16781D5A5F /* ContainmentActivityWidget.swift */; };
		7DEA0175543F523CA8DE3A8F /* AppLanguage.swift in Sources */ = {isa = PBXBuildFile; fileRef = 9F8708C3D55E5171EB30D8F7 /* AppLanguage.swift */; };
		8D81C6DF59B604803F3784DD /* SCPFoundationIOSApp.swift in Sources */ = {isa = PBXBuildFile; fileRef = 7145116FA0EB72FAC80AE58A /* SCPFoundationIOSApp.swift */; };
		8FA119867633A0EAD5C3455F /* Foundation.framework in Frameworks */ = {isa = PBXBuildFile; fileRef = FA154A562AF3BB5A92E15701 /* Foundation.framework */; };
		93682D2D847E003C2834696E /* LiquidGlassKit.swift in Sources */ = {isa = PBXBuildFile; fileRef = D5B307121474AABC187A93CC /* LiquidGlassKit.swift */; };
		938B18C12E2B471EF2B141B3 /* SCPRepository.swift in Sources */ = {isa = PBXBuildFile; fileRef = 0C7F1B7ADE938C263904D4C6 /* SCPRepository.swift */; };
		948A90BE9F9582B73884E691 /* WatchRootView.swift in Sources */ = {isa = PBXBuildFile; fileRef = BD57816B13810C88E9B41D6E /* WatchRootView.swift */; };
		950631032C2A69F0D2D385FC /* Foundation.framework in Frameworks */ = {isa = PBXBuildFile; fileRef = E6F5E4CCC41BDE516AC9B110 /* Foundation.framework */; };
		96BB87F6EB119B038E9F0953 /* SwiftUI.framework.framework in Frameworks */ = {isa = PBXBuildFile; fileRef = AAC01F3AA56BDE00D20B54F4 /* SwiftUI.framework.framework */; };
		9AEBD709517419546DB84686 /* Foundation.framework in Frameworks */ = {isa = PBXBuildFile; fileRef = E6F5E4CCC41BDE516AC9B110 /* Foundation.framework */; };
		A2C7A0A8FAE99FBAC7078802 /* ProfileScreen.swift in Sources */ = {isa = PBXBuildFile; fileRef = 29AA7499C8B19C39AEE3DF97 /* ProfileScreen.swift */; };
		A4F656D29467DB5B4E087244 /* IncidentsScreen.swift in Sources */ = {isa = PBXBuildFile; fileRef = 4049D07F2A1796AAE4E1417F /* IncidentsScreen.swift */; };
		A811CCCFA5D295192933E0AF /* PlatformRootViews.swift in Sources */ = {isa = PBXBuildFile; fileRef = 61EFF55BAEC1C711545AD0BB /* PlatformRootViews.swift */; };
		B9450DB40514CF9E9D2C067C /* AppLanguage.swift in Sources */ = {isa = PBXBuildFile; fileRef = 9F8708C3D55E5171EB30D8F7 /* AppLanguage.swift */; };
		BA9BD44D18EEFD5100B31924 /* LiquidGlassKit.swift in Sources */ = {isa = PBXBuildFile; fileRef = D5B307121474AABC187A93CC /* LiquidGlassKit.swift */; };
		C242BBDC3B336B5DBC5CF2F9 /* SCPStore.swift in Sources */ = {isa = PBXBuildFile; fileRef = 7F965E17A8685E96DD58BE9E /* SCPStore.swift */; };
		C2EE5FA02E55B8C11DEDF315 /* IOSRootView.swift in Sources */ = {isa = PBXBuildFile; fileRef = 9D41D56357344A04260F9D3B /* IOSRootView.swift */; };
		C5A2B52C891F90543FF70A8C /* LiquidGlassKit.swift in Sources */ = {isa = PBXBuildFile; fileRef = D5B307121474AABC187A93CC /* LiquidGlassKit.swift */; };
		C8BE6B41BD0B271B6D84885C /* SCPStoreTests.swift in Sources */ = {isa = PBXBuildFile; fileRef = D1F9A1DAF3F5D8355AD85B27 /* SCPStoreTests.swift */; };
		CC97109726F31E27E8953930 /* SCPListScreen.swift in Sources */ = {isa = PBXBuildFile; fileRef = 4A38EB62137DD5AEB0CD09A1 /* SCPListScreen.swift */; };
		CE25A20D527A00F2CCC134BB /* SCPFoundationWidgets.appex in Embed Foundation Extensions */ = {isa = PBXBuildFile; fileRef = 4D9B6DDD9E15771838C7852B /* SCPFoundationWidgets.appex */; };
		D6E03C1A5B49D957442E0765 /* Foundation.framework in Frameworks */ = {isa = PBXBuildFile; fileRef = E6F5E4CCC41BDE516AC9B110 /* Foundation.framework */; };
		E56015B69AF41AB4C4C55B02 /* SCPFoundationWidgetsBundle.swift in Sources */ = {isa = PBXBuildFile; fileRef = 76FF3E35ABE5A6DD9C709DFF /* SCPFoundationWidgetsBundle.swift */; };
		E68A3B0E458F5FF8A80DDC28 /* SCPIncidentDoc.swift in Sources */ = {isa = PBXBuildFile; fileRef = FC1561B213F1FA771D0090A3 /* SCPIncidentDoc.swift */; };
		EA5CCDA11A9CB43EAF02356F /* AuthorizationScreen.swift in Sources */ = {isa = PBXBuildFile; fileRef = D005FA448706D59326907DC2 /* AuthorizationScreen.swift */; };
		F1CA59B6CC1EA6457887D634 /* SCPIncidentDoc.swift in Sources */ = {isa = PBXBuildFile; fileRef = FC1561B213F1FA771D0090A3 /* SCPIncidentDoc.swift */; };
		F60F2D24A6E9FF190040B5D1 /* SCPFoundationMacApp.swift in Sources */ = {isa = PBXBuildFile; fileRef = 34B3077E01A2BCA8A6CED452 /* SCPFoundationMacApp.swift */; };
		F7C023AFFE894024AC3B436C /* SwiftUI.framework.framework in Frameworks */ = {isa = PBXBuildFile; fileRef = E3437FB7F974E8E1B4D0EC66 /* SwiftUI.framework.framework */; };
		F95BC532EF077439A7074FC8 /* SCPIncidentDoc.swift in Sources */ = {isa = PBXBuildFile; fileRef = FC1561B213F1FA771D0090A3 /* SCPIncidentDoc.swift */; };
		FD9AD043792EF01AEF0C1166 /* SCPIncidentDoc.swift in Sources */ = {isa = PBXBuildFile; fileRef = FC1561B213F1FA771D0090A3 /* SCPIncidentDoc.swift */; };
		FE0F874989288749DE993931 /* ActivityKit.framework.framework in Frameworks */ = {isa = PBXBuildFile; fileRef = CDF455E391CE663B6EB8D21F /* ActivityKit.framework.framework */; };
/* End PBXBuildFile section */

/* Begin PBXContainerItemProxy section */
		3921BDABB433BA0407BB33D9 /* PBXContainerItemProxy */ = {
			isa = PBXContainerItemProxy;
			containerPortal = FE4B8E9202FFAEE235D98951 /* Project object */;
			proxyType = 1;
			remoteGlobalIDString = E28BB203B8370B1ECD32CEC4;
			remoteInfo = SCPFoundationWidgets;
		};
		BE21ABBB625FCA6D2C2D8CA5 /* PBXContainerItemProxy */ = {
			isa = PBXContainerItemProxy;
			containerPortal = FE4B8E9202FFAEE235D98951 /* Project object */;
			proxyType = 1;
			remoteGlobalIDString = B738453F4E5DD216252168D9;
			remoteInfo = SCPFoundationIOS;
		};
/* End PBXContainerItemProxy section */

/* Begin PBXCopyFilesBuildPhase section */
		4F6FC4700B75BB751125A5B1 /* Embed Foundation Extensions */ = {
			isa = PBXCopyFilesBuildPhase;
			buildActionMask = 2147483647;
			dstPath = "";
			dstSubfolderSpec = 13;
			files = (
				CE25A20D527A00F2CCC134BB /* SCPFoundationWidgets.appex in Embed Foundation Extensions */,
			);
			name = "Embed Foundation Extensions";
			runOnlyForDeploymentPostprocessing = 0;
		};
/* End PBXCopyFilesBuildPhase section */

/* Begin PBXFileReference section */
		000044D1A10B330FB45937A4 /* SCPFoundationVision.app */ = {isa = PBXFileReference; explicitFileType = wrapper.application; includeInIndex = 0; path = SCPFoundationVision.app; sourceTree = BUILT_PRODUCTS_DIR; };
		08D88589D8A6B9D01A0D0E8B /* SCPFoundationTests.xctest */ = {isa = PBXFileReference; explicitFileType = wrapper.cfbundle; includeInIndex = 0; path = SCPFoundationTests.xctest; sourceTree = BUILT_PRODUCTS_DIR; };
		09A692EE1C69135B96010047 /* ContainmentLiveActivityManager.swift */ = {isa = PBXFileReference; includeInIndex = 1; lastKnownFileType = sourcecode.swift; name = ContainmentLiveActivityManager.swift; path = Sources/iOSApp/LiveActivity/ContainmentLiveActivityManager.swift; sourceTree = "<group>"; };
		0A567E894F7BB8FD79ED5E5E /* AuthStore.swift */ = {isa = PBXFileReference; includeInIndex = 1; lastKnownFileType = sourcecode.swift; name = AuthStore.swift; path = Sources/iOSApp/AuthStore.swift; sourceTree = "<group>"; };
		0C7F1B7ADE938C263904D4C6 /* SCPRepository.swift */ = {isa = PBXFileReference; includeInIndex = 1; lastKnownFileType = sourcecode.swift; name = SCPRepository.swift; path = Sources/Shared/SCPRepository.swift; sourceTree = "<group>"; };
		0D07C137A79764FCC57EBC77 /* Cocoa.framework */ = {isa = PBXFileReference; lastKnownFileType = wrapper.framework; name = Cocoa.framework; path = Platforms/MacOSX.platform/Developer/SDKs/MacOSX26.0.sdk/System/Library/Frameworks/Cocoa.framework; sourceTree = DEVELOPER_DIR; };
		1576BB62F2D5ADBA1878F6AF /* SCPDetailScreen.swift */ = {isa = PBXFileReference; includeInIndex = 1; lastKnownFileType = sourcecode.swift; name = SCPDetailScreen.swift; path = Sources/iOSApp/Views/SCPDetailScreen.swift; sourceTree = "<group>"; };
		1701BC27D3295410F56E12EC /* Info.plist */ = {isa = PBXFileReference; includeInIndex = 1; lastKnownFileType = text.plist.xml; name = Info.plist; path = Sources/VisionApp/Info.plist; sourceTree = "<group>"; };
		25FBBC294181CA4ACA438841 /* FavoritesScreen.swift */ = {isa = PBXFileReference; includeInIndex = 1; lastKnownFileType = sourcecode.swift; name = FavoritesScreen.swift; path = Sources/iOSApp/Views/FavoritesScreen.swift; sourceTree = "<group>"; };
		29AA7499C8B19C39AEE3DF97 /* ProfileScreen.swift */ = {isa = PBXFileReference; includeInIndex = 1; lastKnownFileType = sourcecode.swift; name = ProfileScreen.swift; path = Sources/iOSApp/Views/ProfileScreen.swift; sourceTree = "<group>"; };
		29E58764077CE104D933783C /* SwiftUI.framework.framework */ = {isa = PBXFileReference; lastKnownFileType = wrapper.framework; name = SwiftUI.framework.framework; path = Platforms/iPhoneOS.platform/Developer/SDKs/iPhoneOS26.0.sdk/System/Library/Frameworks/SwiftUI.framework.framework; sourceTree = DEVELOPER_DIR; };
		2B24C484A94AE31861D308B8 /* SCPFoundationVisionApp.swift */ = {isa = PBXFileReference; includeInIndex = 1; lastKnownFileType = sourcecode.swift; name = SCPFoundationVisionApp.swift; path = Sources/VisionApp/SCPFoundationVisionApp.swift; sourceTree = "<group>"; };
		34B3077E01A2BCA8A6CED452 /* SCPFoundationMacApp.swift */ = {isa = PBXFileReference; includeInIndex = 1; lastKnownFileType = sourcecode.swift; name = SCPFoundationMacApp.swift; path = Sources/MacApp/SCPFoundationMacApp.swift; sourceTree = "<group>"; };
		3EE6467B16329E9B23985FC4 /* SCPFoundationWatch.app */ = {isa = PBXFileReference; explicitFileType = wrapper.application; includeInIndex = 0; path = SCPFoundationWatch.app; sourceTree = BUILT_PRODUCTS_DIR; };
		4049D07F2A1796AAE4E1417F /* IncidentsScreen.swift */ = {isa = PBXFileReference; includeInIndex = 1; lastKnownFileType = sourcecode.swift; name = IncidentsScreen.swift; path = Sources/iOSApp/Views/IncidentsScreen.swift; sourceTree = "<group>"; };
		47A677F01C98D22859F3E0CE /* ContainmentActivityAttributes.swift */ = {isa = PBXFileReference; includeInIndex = 1; lastKnownFileType = sourcecode.swift; name = ContainmentActivityAttributes.swift; path = Sources/iOSApp/LiveActivity/ContainmentActivityAttributes.swift; sourceTree = "<group>"; };
		4A38EB62137DD5AEB0CD09A1 /* SCPListScreen.swift */ = {isa = PBXFileReference; includeInIndex = 1; lastKnownFileType = sourcecode.swift; name = SCPListScreen.swift; path = Sources/iOSApp/Views/SCPListScreen.swift; sourceTree = "<group>"; };
		4D9B6DDD9E15771838C7852B /* SCPFoundationWidgets.appex */ = {isa = PBXFileReference; explicitFileType = "wrapper.app-extension"; includeInIndex = 0; path = SCPFoundationWidgets.appex; sourceTree = BUILT_PRODUCTS_DIR; };
		5A752BCB0FEF70D420885CFE /* Info.plist */ = {isa = PBXFileReference; includeInIndex = 1; lastKnownFileType = text.plist.xml; name = Info.plist; path = Sources/WatchApp/Info.plist; sourceTree = "<group>"; };
		61EFF55BAEC1C711545AD0BB /* PlatformRootViews.swift */ = {isa = PBXFileReference; includeInIndex = 1; lastKnownFileType = sourcecode.swift; name = PlatformRootViews.swift; path = Sources/PlatformSupport/PlatformRootViews.swift; sourceTree = "<group>"; };
		66177E86001ACF8516E71C11 /* SCPFoundationWatchApp.swift */ = {isa = PBXFileReference; includeInIndex = 1; lastKnownFileType = sourcecode.swift; name = SCPFoundationWatchApp.swift; path = Sources/WatchApp/SCPFoundationWatchApp.swift; sourceTree = "<group>"; };
		663630687CD54A16781D5A5F /* ContainmentActivityWidget.swift */ = {isa = PBXFileReference; includeInIndex = 1; lastKnownFileType = sourcecode.swift; name = ContainmentActivityWidget.swift; path = Sources/Widgets/ContainmentActivityWidget.swift; sourceTree = "<group>"; };
		6F6C8A5864B0C1C173945C55 /* SCPObject.swift */ = {isa = PBXFileReference; includeInIndex = 1; lastKnownFileType = sourcecode.swift; name = SCPObject.swift; path = Sources/Shared/SCPObject.swift; sourceTree = "<group>"; };
		7145116FA0EB72FAC80AE58A /* SCPFoundationIOSApp.swift */ = {isa = PBXFileReference; includeInIndex = 1; lastKnownFileType = sourcecode.swift; name = SCPFoundationIOSApp.swift; path = Sources/iOSApp/SCPFoundationIOSApp.swift; sourceTree = "<group>"; };
		7636DB91FBC82848D3CC0F72 /* SCPFoundationMac.app */ = {isa = PBXFileReference; explicitFileType = wrapper.application; includeInIndex = 0; path = SCPFoundationMac.app; sourceTree = BUILT_PRODUCTS_DIR; };
		76FF3E35ABE5A6DD9C709DFF /* SCPFoundationWidgetsBundle.swift */ = {isa = PBXFileReference; includeInIndex = 1; lastKnownFileType = sourcecode.swift; name = SCPFoundationWidgetsBundle.swift; path = Sources/Widgets/SCPFoundationWidgetsBundle.swift; sourceTree = "<group>"; };
		7F965E17A8685E96DD58BE9E /* SCPStore.swift */ = {isa = PBXFileReference; includeInIndex = 1; lastKnownFileType = sourcecode.swift; name = SCPStore.swift; path = Sources/Shared/SCPStore.swift; sourceTree = "<group>"; };
		823F151E82E656F57C2DDB61 /* BriefingScreen.swift */ = {isa = PBXFileReference; includeInIndex = 1; lastKnownFileType = sourcecode.swift; name = BriefingScreen.swift; path = Sources/iOSApp/Views/BriefingScreen.swift; sourceTree = "<group>"; };
		9D41D56357344A04260F9D3B /* IOSRootView.swift */ = {isa = PBXFileReference; includeInIndex = 1; lastKnownFileType = sourcecode.swift; name = IOSRootView.swift; path = Sources/iOSApp/Views/IOSRootView.swift; sourceTree = "<group>"; };
		9F8708C3D55E5171EB30D8F7 /* AppLanguage.swift */ = {isa = PBXFileReference; includeInIndex = 1; lastKnownFileType = sourcecode.swift; name = AppLanguage.swift; path = Sources/Shared/AppLanguage.swift; sourceTree = "<group>"; };
		AAC01F3AA56BDE00D20B54F4 /* SwiftUI.framework.framework */ = {isa = PBXFileReference; lastKnownFileType = wrapper.framework; name = SwiftUI.framework.framework; path = Platforms/WatchOS.platform/Developer/SDKs/WatchOS26.0.sdk/System/Library/Frameworks/SwiftUI.framework.framework; sourceTree = DEVELOPER_DIR; };
		BAB15FD8A22C2A81398EFF4C /* Info.plist */ = {isa = PBXFileReference; includeInIndex = 1; lastKnownFileType = text.plist.xml; name = Info.plist; path = Sources/iOSApp/Info.plist; sourceTree = "<group>"; };
		BD57816B13810C88E9B41D6E /* WatchRootView.swift */ = {isa = PBXFileReference; includeInIndex = 1; lastKnownFileType = sourcecode.swift; name = WatchRootView.swift; path = Sources/WatchApp/Views/WatchRootView.swift; sourceTree = "<group>"; };
		C347F449A2B1F7DDBEE2BAEA /* Info.plist */ = {isa = PBXFileReference; includeInIndex = 1; lastKnownFileType = text.plist.xml; name = Info.plist; path = Sources/Widgets/Info.plist; sourceTree = "<group>"; };
		C63D509A4F3724C4749884EF /* ProfileAvatarStore.swift */ = {isa = PBXFileReference; includeInIndex = 1; lastKnownFileType = sourcecode.swift; name = ProfileAvatarStore.swift; path = Sources/iOSApp/ProfileAvatarStore.swift; sourceTree = "<group>"; };
		CDF455E391CE663B6EB8D21F /* ActivityKit.framework.framework */ = {isa = PBXFileReference; lastKnownFileType = wrapper.framework; name = ActivityKit.framework.framework; path = Platforms/iPhoneOS.platform/Developer/SDKs/iPhoneOS26.0.sdk/System/Library/Frameworks/ActivityKit.framework.framework; sourceTree = DEVELOPER_DIR; };
		CF493569CBB0E57143B20AC5 /* WidgetKit.framework.framework */ = {isa = PBXFileReference; lastKnownFileType = wrapper.framework; name = WidgetKit.framework.framework; path = Platforms/iPhoneOS.platform/Developer/SDKs/iPhoneOS26.0.sdk/System/Library/Frameworks/WidgetKit.framework.framework; sourceTree = DEVELOPER_DIR; };
		D005FA448706D59326907DC2 /* AuthorizationScreen.swift */ = {isa = PBXFileReference; includeInIndex = 1; lastKnownFileType = sourcecode.swift; name = AuthorizationScreen.swift; path = Sources/iOSApp/Views/AuthorizationScreen.swift; sourceTree = "<group>"; };
		D1F9A1DAF3F5D8355AD85B27 /* SCPStoreTests.swift */ = {isa = PBXFileReference; includeInIndex = 1; lastKnownFileType = sourcecode.swift; name = SCPStoreTests.swift; path = Tests/SCPStoreTests.swift; sourceTree = "<group>"; };
		D5B307121474AABC187A93CC /* LiquidGlassKit.swift */ = {isa = PBXFileReference; includeInIndex = 1; lastKnownFileType = sourcecode.swift; name = LiquidGlassKit.swift; path = Sources/Shared/LiquidGlassKit.swift; sourceTree = "<group>"; };
		E3437FB7F974E8E1B4D0EC66 /* SwiftUI.framework.framework */ = {isa = PBXFileReference; lastKnownFileType = wrapper.framework; name = SwiftUI.framework.framework; path = Platforms/MacOSX.platform/Developer/SDKs/MacOSX26.0.sdk/System/Library/Frameworks/SwiftUI.framework.framework; sourceTree = DEVELOPER_DIR; };
		E6F5E4CCC41BDE516AC9B110 /* Foundation.framework */ = {isa = PBXFileReference; lastKnownFileType = wrapper.framework; name = Foundation.framework; path = Platforms/iPhoneOS.platform/Developer/SDKs/iPhoneOS26.0.sdk/System/Library/Frameworks/Foundation.framework; sourceTree = DEVELOPER_DIR; };
		E9FD01EFA5D935F103A0BD60 /* Info.plist */ = {isa = PBXFileReference; includeInIndex = 1; lastKnownFileType = text.plist.xml; name = Info.plist; path = Sources/MacApp/Info.plist; sourceTree = "<group>"; };
		F12201EBDFD8668CCFE37263 /* SwiftUI.framework.framework */ = {isa = PBXFileReference; lastKnownFileType = wrapper.framework; name = SwiftUI.framework.framework; path = Platforms/XROS.platform/Developer/SDKs/XROS26.0.sdk/System/Library/Frameworks/SwiftUI.framework.framework; sourceTree = DEVELOPER_DIR; };
		F7242281BE40E188D6777B86 /* SCPFoundationIOS.app */ = {isa = PBXFileReference; explicitFileType = wrapper.application; includeInIndex = 0; path = SCPFoundationIOS.app; sourceTree = BUILT_PRODUCTS_DIR; };
		FA154A562AF3BB5A92E15701 /* Foundation.framework */ = {isa = PBXFileReference; lastKnownFileType = wrapper.framework; name = Foundation.framework; path = Platforms/WatchOS.platform/Developer/SDKs/WatchOS26.0.sdk/System/Library/Frameworks/Foundation.framework; sourceTree = DEVELOPER_DIR; };
		FC1561B213F1FA771D0090A3 /* SCPIncidentDoc.swift */ = {isa = PBXFileReference; includeInIndex = 1; lastKnownFileType = sourcecode.swift; name = SCPIncidentDoc.swift; path = Sources/Shared/SCPIncidentDoc.swift; sourceTree = "<group>"; };
/* End PBXFileReference section */

/* Begin PBXFrameworksBuildPhase section */
		2A9C164CA4B46BDF45DF026A /* Frameworks */ = {
			isa = PBXFrameworksBuildPhase;
			buildActionMask = 2147483647;
			files = (
				D6E03C1A5B49D957442E0765 /* Foundation.framework in Frameworks */,
			);
			runOnlyForDeploymentPostprocessing = 0;
		};
		68813B788A89E87E9AC2ED87 /* Frameworks */ = {
			isa = PBXFrameworksBuildPhase;
			buildActionMask = 2147483647;
			files = (
				8FA119867633A0EAD5C3455F /* Foundation.framework in Frameworks */,
				96BB87F6EB119B038E9F0953 /* SwiftUI.framework.framework in Frameworks */,
			);
			runOnlyForDeploymentPostprocessing = 0;
		};
		B9EFAA7C5F9B5CC04CA121F3 /* Frameworks */ = {
			isa = PBXFrameworksBuildPhase;
			buildActionMask = 2147483647;
			files = (
				9AEBD709517419546DB84686 /* Foundation.framework in Frameworks */,
				21D05601C551BD62905B76EC /* SwiftUI.framework.framework in Frameworks */,
				4CA709CD31E1A9C2F2BE7975 /* WidgetKit.framework.framework in Frameworks */,
			);
			runOnlyForDeploymentPostprocessing = 0;
		};
		BF81B099673BB34C7CF61A80 /* Frameworks */ = {
			isa = PBXFrameworksBuildPhase;
			buildActionMask = 2147483647;
			files = (
				417106D6CF8CA9EE581DDD90 /* Foundation.framework in Frameworks */,
				4FBA626114CEB24F998B3904 /* SwiftUI.framework.framework in Frameworks */,
				FE0F874989288749DE993931 /* ActivityKit.framework.framework in Frameworks */,
			);
			runOnlyForDeploymentPostprocessing = 0;
		};
		DC4FFC507CCBC56F350DE71E /* Frameworks */ = {
			isa = PBXFrameworksBuildPhase;
			buildActionMask = 2147483647;
			files = (
				0A1592F61622BE972713A5F6 /* Cocoa.framework in Frameworks */,
				F7C023AFFE894024AC3B436C /* SwiftUI.framework.framework in Frameworks */,
			);
			runOnlyForDeploymentPostprocessing = 0;
		};
		EA2A24223F988C01E45A3BF1 /* Frameworks */ = {
			isa = PBXFrameworksBuildPhase;
			buildActionMask = 2147483647;
			files = (
				950631032C2A69F0D2D385FC /* Foundation.framework in Frameworks */,
				23F3D0EF2C95E88D141465BF /* SwiftUI.framework.framework in Frameworks */,
			);
			runOnlyForDeploymentPostprocessing = 0;
		};
/* End PBXFrameworksBuildPhase section */

/* Begin PBXGroup section */
		08BDAE3276ABBBAA20A8094F /* Frameworks */ = {
			isa = PBXGroup;
			children = (
				2B597393505DCA74E3869CA0 /* iOS */,
				2391CF3B966640A4841532A5 /* watchOS */,
				CFA61F716864DECDAE5E7DBC /* OS X */,
				0D60ADBCD2ED61CA596AD69A /* visionOS */,
			);
			name = Frameworks;
			sourceTree = "<group>";
		};
		0D60ADBCD2ED61CA596AD69A /* visionOS */ = {
			isa = PBXGroup;
			children = (
				F12201EBDFD8668CCFE37263 /* SwiftUI.framework.framework */,
			);
			name = visionOS;
			sourceTree = "<group>";
		};
		1966A261D5D4FF66DFE644ED /* Shared */ = {
			isa = PBXGroup;
			children = (
				9F8708C3D55E5171EB30D8F7 /* AppLanguage.swift */,
				D5B307121474AABC187A93CC /* LiquidGlassKit.swift */,
				FC1561B213F1FA771D0090A3 /* SCPIncidentDoc.swift */,
				6F6C8A5864B0C1C173945C55 /* SCPObject.swift */,
				0C7F1B7ADE938C263904D4C6 /* SCPRepository.swift */,
				7F965E17A8685E96DD58BE9E /* SCPStore.swift */,
			);
			name = Shared;
			path = Sources/Shared;
			sourceTree = "<group>";
		};
		2391CF3B966640A4841532A5 /* watchOS */ = {
			isa = PBXGroup;
			children = (
				FA154A562AF3BB5A92E15701 /* Foundation.framework */,
				AAC01F3AA56BDE00D20B54F4 /* SwiftUI.framework.framework */,
			);
			name = watchOS;
			sourceTree = "<group>";
		};
		2B597393505DCA74E3869CA0 /* iOS */ = {
			isa = PBXGroup;
			children = (
				E6F5E4CCC41BDE516AC9B110 /* Foundation.framework */,
				29E58764077CE104D933783C /* SwiftUI.framework.framework */,
				CDF455E391CE663B6EB8D21F /* ActivityKit.framework.framework */,
				CF493569CBB0E57143B20AC5 /* WidgetKit.framework.framework */,
			);
			name = iOS;
			sourceTree = "<group>";
		};
		36A9BCCB2C41C1FD305D04C4 /* Widgets */ = {
			isa = PBXGroup;
			children = (
				663630687CD54A16781D5A5F /* ContainmentActivityWidget.swift */,
				76FF3E35ABE5A6DD9C709DFF /* SCPFoundationWidgetsBundle.swift */,
			);
			name = Widgets;
			path = Sources/Widgets;
			sourceTree = "<group>";
		};
		510FA2A3A28A8A43B5D937DE /* Products */ = {
			isa = PBXGroup;
			children = (
				F7242281BE40E188D6777B86 /* SCPFoundationIOS.app */,
				4D9B6DDD9E15771838C7852B /* SCPFoundationWidgets.appex */,
				3EE6467B16329E9B23985FC4 /* SCPFoundationWatch.app */,
				7636DB91FBC82848D3CC0F72 /* SCPFoundationMac.app */,
				000044D1A10B330FB45937A4 /* SCPFoundationVision.app */,
				08D88589D8A6B9D01A0D0E8B /* SCPFoundationTests.xctest */,
			);
			name = Products;
			sourceTree = "<group>";
		};
		5778FE62F3CFF868874C6075 /* Backend */ = {
			isa = PBXGroup;
			children = (
			);
			name = Backend;
			path = Backend;
			sourceTree = "<group>";
		};
		646D253FA37B73C22D140715 /* iOSApp */ = {
			isa = PBXGroup;
			children = (
				0A567E894F7BB8FD79ED5E5E /* AuthStore.swift */,
				47A677F01C98D22859F3E0CE /* ContainmentActivityAttributes.swift */,
				09A692EE1C69135B96010047 /* ContainmentLiveActivityManager.swift */,
				C63D509A4F3724C4749884EF /* ProfileAvatarStore.swift */,
				7145116FA0EB72FAC80AE58A /* SCPFoundationIOSApp.swift */,
				D005FA448706D59326907DC2 /* AuthorizationScreen.swift */,
				823F151E82E656F57C2DDB61 /* BriefingScreen.swift */,
				25FBBC294181CA4ACA438841 /* FavoritesScreen.swift */,
				9D41D56357344A04260F9D3B /* IOSRootView.swift */,
				4049D07F2A1796AAE4E1417F /* IncidentsScreen.swift */,
				29AA7499C8B19C39AEE3DF97 /* ProfileScreen.swift */,
				1576BB62F2D5ADBA1878F6AF /* SCPDetailScreen.swift */,
				4A38EB62137DD5AEB0CD09A1 /* SCPListScreen.swift */,
			);
			name = iOSApp;
			path = Sources/iOSApp;
			sourceTree = "<group>";
		};
		684F3DFA1F60ABBBFEF7997A /* PlatformSupport */ = {
			isa = PBXGroup;
			children = (
				61EFF55BAEC1C711545AD0BB /* PlatformRootViews.swift */,
			);
			name = PlatformSupport;
			path = Sources/PlatformSupport;
			sourceTree = "<group>";
		};
		68B2FA01DC0CFF8F0587A623 = {
			isa = PBXGroup;
			children = (
				510FA2A3A28A8A43B5D937DE /* Products */,
				08BDAE3276ABBBAA20A8094F /* Frameworks */,
				1966A261D5D4FF66DFE644ED /* Shared */,
				646D253FA37B73C22D140715 /* iOSApp */,
				EA9A05829978B8C520F695E3 /* MacApp */,
				7295877D2785E32CF839154B /* VisionApp */,
				684F3DFA1F60ABBBFEF7997A /* PlatformSupport */,
				A8DB0921270BDB4A469DCC36 /* WatchApp */,
				36A9BCCB2C41C1FD305D04C4 /* Widgets */,
				BF453EA1BDC867C7FEF18461 /* Tests */,
				5778FE62F3CFF868874C6075 /* Backend */,
				BAB15FD8A22C2A81398EFF4C /* Info.plist */,
				E9FD01EFA5D935F103A0BD60 /* Info.plist */,
				1701BC27D3295410F56E12EC /* Info.plist */,
				5A752BCB0FEF70D420885CFE /* Info.plist */,
				C347F449A2B1F7DDBEE2BAEA /* Info.plist */,
				8DC9A0C76DDC2AA4F1C9C60D /* Products */,
			);
			sourceTree = "<group>";
		};
		7295877D2785E32CF839154B /* VisionApp */ = {
			isa = PBXGroup;
			children = (
				2B24C484A94AE31861D308B8 /* SCPFoundationVisionApp.swift */,
			);
			name = VisionApp;
			path = Sources/VisionApp;
			sourceTree = "<group>";
		};
		8DC9A0C76DDC2AA4F1C9C60D /* Products */ = {
			isa = PBXGroup;
			children = (
			);
			name = Products;
			sourceTree = "<group>";
		};
		A8DB0921270BDB4A469DCC36 /* WatchApp */ = {
			isa = PBXGroup;
			children = (
				66177E86001ACF8516E71C11 /* SCPFoundationWatchApp.swift */,
				BD57816B13810C88E9B41D6E /* WatchRootView.swift */,
			);
			name = WatchApp;
			path = Sources/WatchApp;
			sourceTree = "<group>";
		};
		BF453EA1BDC867C7FEF18461 /* Tests */ = {
			isa = PBXGroup;
			children = (
				D1F9A1DAF3F5D8355AD85B27 /* SCPStoreTests.swift */,
			);
			name = Tests;
			path = Tests;
			sourceTree = "<group>";
		};
		CFA61F716864DECDAE5E7DBC /* OS X */ = {
			isa = PBXGroup;
			children = (
				0D07C137A79764FCC57EBC77 /* Cocoa.framework */,
				E3437FB7F974E8E1B4D0EC66 /* SwiftUI.framework.framework */,
			);
			name = "OS X";
			sourceTree = "<group>";
		};
		EA9A05829978B8C520F695E3 /* MacApp */ = {
			isa = PBXGroup;
			children = (
				34B3077E01A2BCA8A6CED452 /* SCPFoundationMacApp.swift */,
			);
			name = MacApp;
			path = Sources/MacApp;
			sourceTree = "<group>";
		};
/* End PBXGroup section */

/* Begin PBXNativeTarget section */
		869898DF00D3C9F1F438DBDD /* SCPFoundationTests */ = {
			isa = PBXNativeTarget;
			buildConfigurationList = 953927D94A0E571BB80FD639 /* Build configuration list for PBXNativeTarget "SCPFoundationTests" */;
			buildPhases = (
				3E04E86A927694884D8E9814 /* Sources */,
				2A9C164CA4B46BDF45DF026A /* Frameworks */,
				F064671411A2D8A9FBCB81C9 /* Resources */,
			);
			buildRules = (
			);
			dependencies = (
				6D76AB51F1084A16B35EDE46 /* PBXTargetDependency */,
			);
			name = SCPFoundationTests;
			productName = SCPFoundationTests;
			productReference = 08D88589D8A6B9D01A0D0E8B /* SCPFoundationTests.xctest */;
			productType = "com.apple.product-type.bundle.unit-test";
		};
		B738453F4E5DD216252168D9 /* SCPFoundationIOS */ = {
			isa = PBXNativeTarget;
			buildConfigurationList = 3EF72013CC75C5ED0C4E54F7 /* Build configuration list for PBXNativeTarget "SCPFoundationIOS" */;
			buildPhases = (
				2DBFC6B14EC1DD25CD524B22 /* Sources */,
				BF81B099673BB34C7CF61A80 /* Frameworks */,
				8CCCD746516EF5CA807C2571 /* Resources */,
				4F6FC4700B75BB751125A5B1 /* Embed Foundation Extensions */,
			);
			buildRules = (
			);
			dependencies = (
				A1081ED4552050D74944FAEF /* PBXTargetDependency */,
			);
			name = SCPFoundationIOS;
			productName = SCPFoundationIOS;
			productReference = F7242281BE40E188D6777B86 /* SCPFoundationIOS.app */;
			productType = "com.apple.product-type.application";
		};
		C30986F459D840492E6A471C /* SCPFoundationMac */ = {
			isa = PBXNativeTarget;
			buildConfigurationList = B7990F87B40A2259C3F10B8A /* Build configuration list for PBXNativeTarget "SCPFoundationMac" */;
			buildPhases = (
				5C6472F044F8E0428FE3CFB3 /* Sources */,
				DC4FFC507CCBC56F350DE71E /* Frameworks */,
				FFE298E524B77B519108B336 /* Resources */,
			);
			buildRules = (
			);
			dependencies = (
			);
			name = SCPFoundationMac;
			productName = SCPFoundationMac;
			productReference = 7636DB91FBC82848D3CC0F72 /* SCPFoundationMac.app */;
			productType = "com.apple.product-type.application";
		};
		C6A9F44CC89B35EC8E26B306 /* SCPFoundationVision */ = {
			isa = PBXNativeTarget;
			buildConfigurationList = 532691F83F2B3D5F03D84E0C /* Build configuration list for PBXNativeTarget "SCPFoundationVision" */;
			buildPhases = (
				16268BED8C7AAECA5958348F /* Sources */,
				EA2A24223F988C01E45A3BF1 /* Frameworks */,
				6B0E8BC4791DA071D5673E16 /* Resources */,
			);
			buildRules = (
			);
			dependencies = (
			);
			name = SCPFoundationVision;
			productName = SCPFoundationVision;
			productReference = 000044D1A10B330FB45937A4 /* SCPFoundationVision.app */;
			productType = "com.apple.product-type.application";
		};
		CF1451FF52F6CF7F7457B2DF /* SCPFoundationWatch */ = {
			isa = PBXNativeTarget;
			buildConfigurationList = 5D0AF3384F79A3AAF826036C /* Build configuration list for PBXNativeTarget "SCPFoundationWatch" */;
			buildPhases = (
				213E6FD752B5EE96B35134E0 /* Sources */,
				68813B788A89E87E9AC2ED87 /* Frameworks */,
				61B3B928AE0F7EA18AF3B423 /* Resources */,
			);
			buildRules = (
			);
			dependencies = (
			);
			name = SCPFoundationWatch;
			productName = SCPFoundationWatch;
			productReference = 3EE6467B16329E9B23985FC4 /* SCPFoundationWatch.app */;
			productType = "com.apple.product-type.application";
		};
		E28BB203B8370B1ECD32CEC4 /* SCPFoundationWidgets */ = {
			isa = PBXNativeTarget;
			buildConfigurationList = B0561DC660158FFE0541358D /* Build configuration list for PBXNativeTarget "SCPFoundationWidgets" */;
			buildPhases = (
				BE57037578522441D029FD99 /* Sources */,
				B9EFAA7C5F9B5CC04CA121F3 /* Frameworks */,
				7AB90644F22A496FD3E4BFD5 /* Resources */,
			);
			buildRules = (
			);
			dependencies = (
			);
			name = SCPFoundationWidgets;
			productName = SCPFoundationWidgets;
			productReference = 4D9B6DDD9E15771838C7852B /* SCPFoundationWidgets.appex */;
			productType = "com.apple.product-type.app-extension";
		};
/* End PBXNativeTarget section */

/* Begin PBXProject section */
		FE4B8E9202FFAEE235D98951 /* Project object */ = {
			isa = PBXProject;
			attributes = {
				LastSwiftUpdateCheck = 1600;
				LastUpgradeCheck = 1600;
				TargetAttributes = {
				};
			};
			buildConfigurationList = 74A0E090363DAA787CABC46B /* Build configuration list for PBXProject "SCPFoundation" */;
			compatibilityVersion = "Xcode 3.2";
			developmentRegion = en;
			hasScannedForEncodings = 0;
			knownRegions = (
				en,
				Base,
			);
			mainGroup = 68B2FA01DC0CFF8F0587A623;
			minimizedProjectReferenceProxies = 0;
			preferredProjectObjectVersion = 100;
			productRefGroup = 8DC9A0C76DDC2AA4F1C9C60D /* Products */;
			projectDirPath = "";
			projectRoot = "";
			targets = (
				B738453F4E5DD216252168D9 /* SCPFoundationIOS */,
				E28BB203B8370B1ECD32CEC4 /* SCPFoundationWidgets */,
				CF1451FF52F6CF7F7457B2DF /* SCPFoundationWatch */,
				C30986F459D840492E6A471C /* SCPFoundationMac */,
				C6A9F44CC89B35EC8E26B306 /* SCPFoundationVision */,
				869898DF00D3C9F1F438DBDD /* SCPFoundationTests */,
			);
		};
/* End PBXProject section */

/* Begin PBXResourcesBuildPhase section */
		61B3B928AE0F7EA18AF3B423 /* Resources */ = {
			isa = PBXResourcesBuildPhase;
			buildActionMask = 2147483647;
			files = (
			);
			runOnlyForDeploymentPostprocessing = 0;
		};
		6B0E8BC4791DA071D5673E16 /* Resources */ = {
			isa = PBXResourcesBuildPhase;
			buildActionMask = 2147483647;
			files = (
			);
			runOnlyForDeploymentPostprocessing = 0;
		};
		7AB90644F22A496FD3E4BFD5 /* Resources */ = {
			isa = PBXResourcesBuildPhase;
			buildActionMask = 2147483647;
			files = (
			);
			runOnlyForDeploymentPostprocessing = 0;
		};
		8CCCD746516EF5CA807C2571 /* Resources */ = {
			isa = PBXResourcesBuildPhase;
			buildActionMask = 2147483647;
			files = (
			);
			runOnlyForDeploymentPostprocessing = 0;
		};
		F064671411A2D8A9FBCB81C9 /* Resources */ = {
			isa = PBXResourcesBuildPhase;
			buildActionMask = 2147483647;
			files = (
			);
			runOnlyForDeploymentPostprocessing = 0;
		};
		FFE298E524B77B519108B336 /* Resources */ = {
			isa = PBXResourcesBuildPhase;
			buildActionMask = 2147483647;
			files = (
			);
			runOnlyForDeploymentPostprocessing = 0;
		};
/* End PBXResourcesBuildPhase section */

/* Begin PBXSourcesBuildPhase section */
		16268BED8C7AAECA5958348F /* Sources */ = {
			isa = PBXSourcesBuildPhase;
			buildActionMask = 2147483647;
			files = (
				55D12C09FB183D0F7815C990 /* AppLanguage.swift in Sources */,
				C5A2B52C891F90543FF70A8C /* LiquidGlassKit.swift in Sources */,
				F1CA59B6CC1EA6457887D634 /* SCPIncidentDoc.swift in Sources */,
				2A2CC471A771497BDC03A3B3 /* SCPObject.swift in Sources */,
				6128892CFCC57E44E0D401CB /* SCPRepository.swift in Sources */,
				6FE3C724F5B8490C3D496702 /* SCPStore.swift in Sources */,
				08443AA899ED0C917259E665 /* PlatformRootViews.swift in Sources */,
				141439E53FC14D01770FF91A /* SCPFoundationVisionApp.swift in Sources */,
			);
			runOnlyForDeploymentPostprocessing = 0;
		};
		213E6FD752B5EE96B35134E0 /* Sources */ = {
			isa = PBXSourcesBuildPhase;
			buildActionMask = 2147483647;
			files = (
				79A20C41DFB90C49DE4727BC /* LiquidGlassKit.swift in Sources */,
				F95BC532EF077439A7074FC8 /* SCPIncidentDoc.swift in Sources */,
				5E74461098813F4B64AF7706 /* SCPObject.swift in Sources */,
				33396FB7C00A3C94D9DDCF60 /* SCPFoundationWatchApp.swift in Sources */,
				948A90BE9F9582B73884E691 /* WatchRootView.swift in Sources */,
			);
			runOnlyForDeploymentPostprocessing = 0;
		};
		2DBFC6B14EC1DD25CD524B22 /* Sources */ = {
			isa = PBXSourcesBuildPhase;
			buildActionMask = 2147483647;
			files = (
				7DEA0175543F523CA8DE3A8F /* AppLanguage.swift in Sources */,
				93682D2D847E003C2834696E /* LiquidGlassKit.swift in Sources */,
				E68A3B0E458F5FF8A80DDC28 /* SCPIncidentDoc.swift in Sources */,
				62D66FD9D396AF5E7CF89649 /* SCPObject.swift in Sources */,
				5EB853A52387AD238A3C1973 /* SCPRepository.swift in Sources */,
				4832EE0A41B862869471D3E2 /* SCPStore.swift in Sources */,
				3B3C8045E49D230FD149ECD4 /* AuthStore.swift in Sources */,
				2B6C7598231412EB24FEDD4D /* ContainmentActivityAttributes.swift in Sources */,
				36208E991A1BEB1BDE31F3AD /* ContainmentLiveActivityManager.swift in Sources */,
				707976FE5BB9F368D65D5C51 /* ProfileAvatarStore.swift in Sources */,
				8D81C6DF59B604803F3784DD /* SCPFoundationIOSApp.swift in Sources */,
				EA5CCDA11A9CB43EAF02356F /* AuthorizationScreen.swift in Sources */,
				4E708F3C44F84421840195C1 /* BriefingScreen.swift in Sources */,
				0B49DA27CC6D757D0202E500 /* FavoritesScreen.swift in Sources */,
				C2EE5FA02E55B8C11DEDF315 /* IOSRootView.swift in Sources */,
				A4F656D29467DB5B4E087244 /* IncidentsScreen.swift in Sources */,
				A2C7A0A8FAE99FBAC7078802 /* ProfileScreen.swift in Sources */,
				168D2BC5ABE5E65168A09159 /* SCPDetailScreen.swift in Sources */,
				CC97109726F31E27E8953930 /* SCPListScreen.swift in Sources */,
			);
			runOnlyForDeploymentPostprocessing = 0;
		};
		3E04E86A927694884D8E9814 /* Sources */ = {
			isa = PBXSourcesBuildPhase;
			buildActionMask = 2147483647;
			files = (
				C8BE6B41BD0B271B6D84885C /* SCPStoreTests.swift in Sources */,
			);
			runOnlyForDeploymentPostprocessing = 0;
		};
		5C6472F044F8E0428FE3CFB3 /* Sources */ = {
			isa = PBXSourcesBuildPhase;
			buildActionMask = 2147483647;
			files = (
				B9450DB40514CF9E9D2C067C /* AppLanguage.swift in Sources */,
				30089949C319C75562CD352E /* LiquidGlassKit.swift in Sources */,
				47A7C20F37093F01638879EC /* SCPIncidentDoc.swift in Sources */,
				69369E151FB824C81C50EE0E /* SCPObject.swift in Sources */,
				938B18C12E2B471EF2B141B3 /* SCPRepository.swift in Sources */,
				C242BBDC3B336B5DBC5CF2F9 /* SCPStore.swift in Sources */,
				A811CCCFA5D295192933E0AF /* PlatformRootViews.swift in Sources */,
				F60F2D24A6E9FF190040B5D1 /* SCPFoundationMacApp.swift in Sources */,
			);
			runOnlyForDeploymentPostprocessing = 0;
		};
		BE57037578522441D029FD99 /* Sources */ = {
			isa = PBXSourcesBuildPhase;
			buildActionMask = 2147483647;
			files = (
				BA9BD44D18EEFD5100B31924 /* LiquidGlassKit.swift in Sources */,
				FD9AD043792EF01AEF0C1166 /* SCPIncidentDoc.swift in Sources */,
				773651F1D000A16F71D49A2E /* SCPObject.swift in Sources */,
				7C566AB069767FA5573801CE /* ContainmentActivityWidget.swift in Sources */,
				E56015B69AF41AB4C4C55B02 /* SCPFoundationWidgetsBundle.swift in Sources */,
			);
			runOnlyForDeploymentPostprocessing = 0;
		};
/* End PBXSourcesBuildPhase section */

/* Begin PBXTargetDependency section */
		6D76AB51F1084A16B35EDE46 /* PBXTargetDependency */ = {
			isa = PBXTargetDependency;
			name = SCPFoundationIOS;
			target = B738453F4E5DD216252168D9 /* SCPFoundationIOS */;
			targetProxy = BE21ABBB625FCA6D2C2D8CA5 /* PBXContainerItemProxy */;
		};
		A1081ED4552050D74944FAEF /* PBXTargetDependency */ = {
			isa = PBXTargetDependency;
			name = SCPFoundationWidgets;
			target = E28BB203B8370B1ECD32CEC4 /* SCPFoundationWidgets */;
			targetProxy = 3921BDABB433BA0407BB33D9 /* PBXContainerItemProxy */;
		};
/* End PBXTargetDependency section */

/* Begin XCBuildConfiguration section */
		0C0D7E369BF75B3FDD89F28A /* Release */ = {
			isa = XCBuildConfiguration;
			buildSettings = {
				ASSETCATALOG_COMPILER_APPICON_NAME = AppIcon;
				ASSETCATALOG_COMPILER_GLOBAL_ACCENT_COLOR_NAME = AccentColor;
				CLANG_ENABLE_OBJC_WEAK = NO;
				CODE_SIGN_STYLE = Automatic;
				DEVELOPMENT_TEAM = "";
				INFOPLIST_FILE = Sources/iOSApp/Info.plist;
				IPHONEOS_DEPLOYMENT_TARGET = 18.0;
				LD_RUNPATH_SEARCH_PATHS = "$(inherited) @executable_path/Frameworks";
				MACOSX_DEPLOYMENT_TARGET = 14.0;
				PRODUCT_BUNDLE_IDENTIFIER = com.foundation.scp.app;
				PRODUCT_NAME = SCPFoundationIOS;
				SDKROOT = iphoneos;
				SWIFT_VERSION = 5.9;
				TARGETED_DEVICE_FAMILY = "1,2";
				VALIDATE_PRODUCT = YES;
				WATCHOS_DEPLOYMENT_TARGET = 10.0;
				XROS_DEPLOYMENT_TARGET = 2.0;
			};
			name = Release;
		};
		381A7C4069116134FA63F633 /* Debug */ = {
			isa = XCBuildConfiguration;
			buildSettings = {
				ASSETCATALOG_COMPILER_APPICON_NAME = AppIcon;
				ASSETCATALOG_COMPILER_GLOBAL_ACCENT_COLOR_NAME = AccentColor;
				CLANG_ENABLE_OBJC_WEAK = NO;
				CODE_SIGN_STYLE = Automatic;
				DEVELOPMENT_TEAM = "";
				INFOPLIST_FILE = Sources/VisionApp/Info.plist;
				IPHONEOS_DEPLOYMENT_TARGET = 18.0;
				LD_RUNPATH_SEARCH_PATHS = "$(inherited) @executable_path/Frameworks";
				MACOSX_DEPLOYMENT_TARGET = 14.0;
				PRODUCT_BUNDLE_IDENTIFIER = com.foundation.scp.app.vision;
				PRODUCT_NAME = SCPFoundationVision;
				SDKROOT = xros;
				SUPPORTED_PLATFORMS = "xros xrsimulator";
				SWIFT_VERSION = 5.9;
				TARGETED_DEVICE_FAMILY = 7;
				WATCHOS_DEPLOYMENT_TARGET = 10.0;
				XROS_DEPLOYMENT_TARGET = 2.0;
			};
			name = Debug;
		};
		4462AC07086E30E36D0272C1 /* Release */ = {
			isa = XCBuildConfiguration;
			buildSettings = {
				ASSETCATALOG_COMPILER_APPICON_NAME = AppIcon;
				ASSETCATALOG_COMPILER_GLOBAL_ACCENT_COLOR_NAME = AccentColor;
				CODE_SIGN_STYLE = Automatic;
				COMBINE_HIDPI_IMAGES = YES;
				DEVELOPMENT_TEAM = "";
				INFOPLIST_FILE = Sources/MacApp/Info.plist;
				IPHONEOS_DEPLOYMENT_TARGET = 18.0;
				LD_RUNPATH_SEARCH_PATHS = "$(inherited) @executable_path/../Frameworks";
				MACOSX_DEPLOYMENT_TARGET = 14.0;
				PRODUCT_BUNDLE_IDENTIFIER = com.foundation.scp.app.mac;
				PRODUCT_NAME = SCPFoundationMac;
				SDKROOT = macosx;
				SWIFT_VERSION = 5.9;
				WATCHOS_DEPLOYMENT_TARGET = 10.0;
				XROS_DEPLOYMENT_TARGET = 2.0;
			};
			name = Release;
		};
		6DF2A55D9F21C8ECD41D6852 /* Debug */ = {
			isa = XCBuildConfiguration;
			buildSettings = {
				ASSETCATALOG_COMPILER_APPICON_NAME = AppIcon;
				ASSETCATALOG_COMPILER_GLOBAL_ACCENT_COLOR_NAME = AccentColor;
				CLANG_ENABLE_OBJC_WEAK = NO;
				CODE_SIGN_STYLE = Automatic;
				DEVELOPMENT_TEAM = "";
				INFOPLIST_FILE = Sources/iOSApp/Info.plist;
				IPHONEOS_DEPLOYMENT_TARGET = 18.0;
				LD_RUNPATH_SEARCH_PATHS = "$(inherited) @executable_path/Frameworks";
				MACOSX_DEPLOYMENT_TARGET = 14.0;
				PRODUCT_BUNDLE_IDENTIFIER = com.foundation.scp.app;
				PRODUCT_NAME = SCPFoundationIOS;
				SDKROOT = iphoneos;
				SWIFT_VERSION = 5.9;
				TARGETED_DEVICE_FAMILY = "1,2";
				WATCHOS_DEPLOYMENT_TARGET = 10.0;
				XROS_DEPLOYMENT_TARGET = 2.0;
			};
			name = Debug;
		};
		7279E5ACAEB5F2A094EE56F0 /* Release */ = {
			isa = XCBuildConfiguration;
			buildSettings = {
				ALWAYS_SEARCH_USER_PATHS = NO;
				CLANG_ANALYZER_NONNULL = YES;
				CLANG_ANALYZER_NUMBER_OBJECT_CONVERSION = YES_AGGRESSIVE;
				CLANG_CXX_LANGUAGE_STANDARD = "gnu++14";
				CLANG_CXX_LIBRARY = "libc++";
				CLANG_ENABLE_MODULES = YES;
				CLANG_ENABLE_OBJC_ARC = YES;
				CLANG_ENABLE_OBJC_WEAK = YES;
				CLANG_WARN_BLOCK_CAPTURE_AUTORELEASING = YES;
				CLANG_WARN_BOOL_CONVERSION = YES;
				CLANG_WARN_COMMA = YES;
				CLANG_WARN_CONSTANT_CONVERSION = YES;
				CLANG_WARN_DEPRECATED_OBJC_IMPLEMENTATIONS = YES;
				CLANG_WARN_DIRECT_OBJC_ISA_USAGE = YES_ERROR;
				CLANG_WARN_DOCUMENTATION_COMMENTS = YES;
				CLANG_WARN_EMPTY_BODY = YES;
				CLANG_WARN_ENUM_CONVERSION = YES;
				CLANG_WARN_INFINITE_RECURSION = YES;
				CLANG_WARN_INT_CONVERSION = YES;
				CLANG_WARN_NON_LITERAL_NULL_CONVERSION = YES;
				CLANG_WARN_OBJC_IMPLICIT_RETAIN_SELF = YES;
				CLANG_WARN_OBJC_LITERAL_CONVERSION = YES;
				CLANG_WARN_OBJC_ROOT_CLASS = YES_ERROR;
				CLANG_WARN_QUOTED_INCLUDE_IN_FRAMEWORK_HEADER = YES;
				CLANG_WARN_RANGE_LOOP_ANALYSIS = YES;
				CLANG_WARN_STRICT_PROTOTYPES = YES;
				CLANG_WARN_SUSPICIOUS_MOVE = YES;
				CLANG_WARN_UNGUARDED_AVAILABILITY = YES_AGGRESSIVE;
				CLANG_WARN_UNREACHABLE_CODE = YES;
				CLANG_WARN__DUPLICATE_METHOD_MATCH = YES;
				COPY_PHASE_STRIP = NO;
				DEBUG_INFORMATION_FORMAT = "dwarf-with-dsym";
				ENABLE_NS_ASSERTIONS = NO;
				ENABLE_STRICT_OBJC_MSGSEND = YES;
				GCC_C_LANGUAGE_STANDARD = gnu11;
				GCC_NO_COMMON_BLOCKS = YES;
				GCC_WARN_64_TO_32_BIT_CONVERSION = YES;
				GCC_WARN_ABOUT_RETURN_TYPE = YES_ERROR;
				GCC_WARN_UNDECLARED_SELECTOR = YES;
				GCC_WARN_UNINITIALIZED_AUTOS = YES_AGGRESSIVE;
				GCC_WARN_UNUSED_FUNCTION = YES;
				GCC_WARN_UNUSED_VARIABLE = YES;
				MTL_ENABLE_DEBUG_INFO = NO;
				MTL_FAST_MATH = YES;
				PRODUCT_NAME = "$(TARGET_NAME)";
				SWIFT_COMPILATION_MODE = wholemodule;
				SWIFT_OPTIMIZATION_LEVEL = "-O";
				SWIFT_VERSION = 5.0;
			};
			name = Release;
		};
		7376B050410B7E87D076FAF6 /* Release */ = {
			isa = XCBuildConfiguration;
			buildSettings = {
				ASSETCATALOG_COMPILER_APPICON_NAME = AppIcon;
				ASSETCATALOG_COMPILER_GLOBAL_ACCENT_COLOR_NAME = AccentColor;
				CODE_SIGN_STYLE = Automatic;
				DEVELOPMENT_TEAM = "";
				INFOPLIST_FILE = Sources/WatchApp/Info.plist;
				IPHONEOS_DEPLOYMENT_TARGET = 18.0;
				MACOSX_DEPLOYMENT_TARGET = 14.0;
				PRODUCT_BUNDLE_IDENTIFIER = com.foundation.scp.app.watchkitapp;
				PRODUCT_NAME = SCPFoundationWatch;
				SDKROOT = watchos;
				SKIP_INSTALL = YES;
				SWIFT_VERSION = 5.9;
				TARGETED_DEVICE_FAMILY = 4;
				VALIDATE_PRODUCT = YES;
				WATCHOS_DEPLOYMENT_TARGET = 10.0;
				XROS_DEPLOYMENT_TARGET = 2.0;
			};
			name = Release;
		};
		7EB8D3F0CD96B60297AE2EA1 /* Release */ = {
			isa = XCBuildConfiguration;
			buildSettings = {
				CLANG_ENABLE_OBJC_WEAK = NO;
				CODE_SIGN_STYLE = Automatic;
				DEVELOPMENT_TEAM = "";
				INFOPLIST_FILE = Sources/Widgets/Info.plist;
				IPHONEOS_DEPLOYMENT_TARGET = 18.0;
				MACOSX_DEPLOYMENT_TARGET = 14.0;
				PRODUCT_BUNDLE_IDENTIFIER = com.foundation.scp.app.widgets;
				PRODUCT_NAME = SCPFoundationWidgets;
				SDKROOT = iphoneos;
				SKIP_INSTALL = YES;
				SWIFT_VERSION = 5.9;
				VALIDATE_PRODUCT = YES;
				WATCHOS_DEPLOYMENT_TARGET = 10.0;
				XROS_DEPLOYMENT_TARGET = 2.0;
			};
			name = Release;
		};
		7F21B5C0AFF7F630102AA26D /* Debug */ = {
			isa = XCBuildConfiguration;
			buildSettings = {
				ALWAYS_SEARCH_USER_PATHS = NO;
				CLANG_ANALYZER_NONNULL = YES;
				CLANG_ANALYZER_NUMBER_OBJECT_CONVERSION = YES_AGGRESSIVE;
				CLANG_CXX_LANGUAGE_STANDARD = "gnu++14";
				CLANG_CXX_LIBRARY = "libc++";
				CLANG_ENABLE_MODULES = YES;
				CLANG_ENABLE_OBJC_ARC = YES;
				CLANG_ENABLE_OBJC_WEAK = YES;
				CLANG_WARN_BLOCK_CAPTURE_AUTORELEASING = YES;
				CLANG_WARN_BOOL_CONVERSION = YES;
				CLANG_WARN_COMMA = YES;
				CLANG_WARN_CONSTANT_CONVERSION = YES;
				CLANG_WARN_DEPRECATED_OBJC_IMPLEMENTATIONS = YES;
				CLANG_WARN_DIRECT_OBJC_ISA_USAGE = YES_ERROR;
				CLANG_WARN_DOCUMENTATION_COMMENTS = YES;
				CLANG_WARN_EMPTY_BODY = YES;
				CLANG_WARN_ENUM_CONVERSION = YES;
				CLANG_WARN_INFINITE_RECURSION = YES;
				CLANG_WARN_INT_CONVERSION = YES;
				CLANG_WARN_NON_LITERAL_NULL_CONVERSION = YES;
				CLANG_WARN_OBJC_IMPLICIT_RETAIN_SELF = YES;
				CLANG_WARN_OBJC_LITERAL_CONVERSION = YES;
				CLANG_WARN_OBJC_ROOT_CLASS = YES_ERROR;
				CLANG_WARN_QUOTED_INCLUDE_IN_FRAMEWORK_HEADER = YES;
				CLANG_WARN_RANGE_LOOP_ANALYSIS = YES;
				CLANG_WARN_STRICT_PROTOTYPES = YES;
				CLANG_WARN_SUSPICIOUS_MOVE = YES;
				CLANG_WARN_UNGUARDED_AVAILABILITY = YES_AGGRESSIVE;
				CLANG_WARN_UNREACHABLE_CODE = YES;
				CLANG_WARN__DUPLICATE_METHOD_MATCH = YES;
				COPY_PHASE_STRIP = NO;
				DEBUG_INFORMATION_FORMAT = dwarf;
				ENABLE_STRICT_OBJC_MSGSEND = YES;
				ENABLE_TESTABILITY = YES;
				GCC_C_LANGUAGE_STANDARD = gnu11;
				GCC_DYNAMIC_NO_PIC = NO;
				GCC_NO_COMMON_BLOCKS = YES;
				GCC_OPTIMIZATION_LEVEL = 0;
				GCC_PREPROCESSOR_DEFINITIONS = (
					"DEBUG=1",
					"$(inherited)",
				);
				GCC_WARN_64_TO_32_BIT_CONVERSION = YES;
				GCC_WARN_ABOUT_RETURN_TYPE = YES_ERROR;
				GCC_WARN_UNDECLARED_SELECTOR = YES;
				GCC_WARN_UNINITIALIZED_AUTOS = YES_AGGRESSIVE;
				GCC_WARN_UNUSED_FUNCTION = YES;
				GCC_WARN_UNUSED_VARIABLE = YES;
				MTL_ENABLE_DEBUG_INFO = INCLUDE_SOURCE;
				MTL_FAST_MATH = YES;
				ONLY_ACTIVE_ARCH = YES;
				PRODUCT_NAME = "$(TARGET_NAME)";
				SWIFT_ACTIVE_COMPILATION_CONDITIONS = DEBUG;
				SWIFT_OPTIMIZATION_LEVEL = "-Onone";
				SWIFT_VERSION = 5.0;
			};
			name = Debug;
		};
		83CEA958607A44CD079BDFC1 /* Debug */ = {
			isa = XCBuildConfiguration;
			buildSettings = {
				CLANG_ENABLE_OBJC_WEAK = NO;
				CODE_SIGN_STYLE = Automatic;
				DEVELOPMENT_TEAM = "";
				INFOPLIST_FILE = Sources/Widgets/Info.plist;
				IPHONEOS_DEPLOYMENT_TARGET = 18.0;
				MACOSX_DEPLOYMENT_TARGET = 14.0;
				PRODUCT_BUNDLE_IDENTIFIER = com.foundation.scp.app.widgets;
				PRODUCT_NAME = SCPFoundationWidgets;
				SDKROOT = iphoneos;
				SKIP_INSTALL = YES;
				SWIFT_VERSION = 5.9;
				WATCHOS_DEPLOYMENT_TARGET = 10.0;
				XROS_DEPLOYMENT_TARGET = 2.0;
			};
			name = Debug;
		};
		8C2D365A19920CC6610B8A10 /* Release */ = {
			isa = XCBuildConfiguration;
			buildSettings = {
				CLANG_ENABLE_OBJC_WEAK = NO;
				CODE_SIGN_STYLE = Automatic;
				DEVELOPMENT_TEAM = "";
				IPHONEOS_DEPLOYMENT_TARGET = 18.0;
				MACOSX_DEPLOYMENT_TARGET = 14.0;
				PRODUCT_BUNDLE_IDENTIFIER = com.foundation.scp.app.tests;
				PRODUCT_NAME = SCPFoundationTests;
				SDKROOT = iphoneos;
				SWIFT_VERSION = 5.9;
				TEST_HOST = "$(BUILT_PRODUCTS_DIR)/SCPFoundationIOS.app/SCPFoundationIOS";
				VALIDATE_PRODUCT = YES;
				WATCHOS_DEPLOYMENT_TARGET = 10.0;
				XROS_DEPLOYMENT_TARGET = 2.0;
			};
			name = Release;
		};
		9461E9FC21F224D51B2BD76B /* Debug */ = {
			isa = XCBuildConfiguration;
			buildSettings = {
				CLANG_ENABLE_OBJC_WEAK = NO;
				CODE_SIGN_STYLE = Automatic;
				DEVELOPMENT_TEAM = "";
				IPHONEOS_DEPLOYMENT_TARGET = 18.0;
				MACOSX_DEPLOYMENT_TARGET = 14.0;
				PRODUCT_BUNDLE_IDENTIFIER = com.foundation.scp.app.tests;
				PRODUCT_NAME = SCPFoundationTests;
				SDKROOT = iphoneos;
				SWIFT_VERSION = 5.9;
				TEST_HOST = "$(BUILT_PRODUCTS_DIR)/SCPFoundationIOS.app/SCPFoundationIOS";
				WATCHOS_DEPLOYMENT_TARGET = 10.0;
				XROS_DEPLOYMENT_TARGET = 2.0;
			};
			name = Debug;
		};
		C2728C2AD18F974FADA4B336 /* Debug */ = {
			isa = XCBuildConfiguration;
			buildSettings = {
				ASSETCATALOG_COMPILER_APPICON_NAME = AppIcon;
				ASSETCATALOG_COMPILER_GLOBAL_ACCENT_COLOR_NAME = AccentColor;
				CODE_SIGN_STYLE = Automatic;
				COMBINE_HIDPI_IMAGES = YES;
				DEVELOPMENT_TEAM = "";
				INFOPLIST_FILE = Sources/MacApp/Info.plist;
				IPHONEOS_DEPLOYMENT_TARGET = 18.0;
				LD_RUNPATH_SEARCH_PATHS = "$(inherited) @executable_path/../Frameworks";
				MACOSX_DEPLOYMENT_TARGET = 14.0;
				PRODUCT_BUNDLE_IDENTIFIER = com.foundation.scp.app.mac;
				PRODUCT_NAME = SCPFoundationMac;
				SDKROOT = macosx;
				SWIFT_VERSION = 5.9;
				WATCHOS_DEPLOYMENT_TARGET = 10.0;
				XROS_DEPLOYMENT_TARGET = 2.0;
			};
			name = Debug;
		};
		DA0949935D2A1DDC91233AE2 /* Debug */ = {
			isa = XCBuildConfiguration;
			buildSettings = {
				ASSETCATALOG_COMPILER_APPICON_NAME = AppIcon;
				ASSETCATALOG_COMPILER_GLOBAL_ACCENT_COLOR_NAME = AccentColor;
				CODE_SIGN_STYLE = Automatic;
				DEVELOPMENT_TEAM = "";
				INFOPLIST_FILE = Sources/WatchApp/Info.plist;
				IPHONEOS_DEPLOYMENT_TARGET = 18.0;
				MACOSX_DEPLOYMENT_TARGET = 14.0;
				PRODUCT_BUNDLE_IDENTIFIER = com.foundation.scp.app.watchkitapp;
				PRODUCT_NAME = SCPFoundationWatch;
				SDKROOT = watchos;
				SKIP_INSTALL = YES;
				SWIFT_VERSION = 5.9;
				TARGETED_DEVICE_FAMILY = 4;
				WATCHOS_DEPLOYMENT_TARGET = 10.0;
				XROS_DEPLOYMENT_TARGET = 2.0;
			};
			name = Debug;
		};
		DF17A9B8099488C504D8DCE1 /* Release */ = {
			isa = XCBuildConfiguration;
			buildSettings = {
				ASSETCATALOG_COMPILER_APPICON_NAME = AppIcon;
				ASSETCATALOG_COMPILER_GLOBAL_ACCENT_COLOR_NAME = AccentColor;
				CLANG_ENABLE_OBJC_WEAK = NO;
				CODE_SIGN_STYLE = Automatic;
				DEVELOPMENT_TEAM = "";
				INFOPLIST_FILE = Sources/VisionApp/Info.plist;
				IPHONEOS_DEPLOYMENT_TARGET = 18.0;
				LD_RUNPATH_SEARCH_PATHS = "$(inherited) @executable_path/Frameworks";
				MACOSX_DEPLOYMENT_TARGET = 14.0;
				PRODUCT_BUNDLE_IDENTIFIER = com.foundation.scp.app.vision;
				PRODUCT_NAME = SCPFoundationVision;
				SDKROOT = xros;
				SUPPORTED_PLATFORMS = "xros xrsimulator";
				SWIFT_VERSION = 5.9;
				TARGETED_DEVICE_FAMILY = 7;
				VALIDATE_PRODUCT = YES;
				WATCHOS_DEPLOYMENT_TARGET = 10.0;
				XROS_DEPLOYMENT_TARGET = 2.0;
			};
			name = Release;
		};
/* End XCBuildConfiguration section */

/* Begin XCConfigurationList section */
		3EF72013CC75C5ED0C4E54F7 /* Build configuration list for PBXNativeTarget "SCPFoundationIOS" */ = {
			isa = XCConfigurationList;
			buildConfigurations = (
				0C0D7E369BF75B3FDD89F28A /* Release */,
				6DF2A55D9F21C8ECD41D6852 /* Debug */,
			);
			defaultConfigurationIsVisible = 0;
			defaultConfigurationName = Release;
		};
		532691F83F2B3D5F03D84E0C /* Build configuration list for PBXNativeTarget "SCPFoundationVision" */ = {
			isa = XCConfigurationList;
			buildConfigurations = (
				DF17A9B8099488C504D8DCE1 /* Release */,
				381A7C4069116134FA63F633 /* Debug */,
			);
			defaultConfigurationIsVisible = 0;
			defaultConfigurationName = Release;
		};
		5D0AF3384F79A3AAF826036C /* Build configuration list for PBXNativeTarget "SCPFoundationWatch" */ = {
			isa = XCConfigurationList;
			buildConfigurations = (
				7376B050410B7E87D076FAF6 /* Release */,
				DA0949935D2A1DDC91233AE2 /* Debug */,
			);
			defaultConfigurationIsVisible = 0;
			defaultConfigurationName = Release;
		};
		74A0E090363DAA787CABC46B /* Build configuration list for PBXProject "SCPFoundation" */ = {
			isa = XCConfigurationList;
			buildConfigurations = (
				7F21B5C0AFF7F630102AA26D /* Debug */,
				7279E5ACAEB5F2A094EE56F0 /* Release */,
			);
			defaultConfigurationIsVisible = 0;
			defaultConfigurationName = Release;
		};
		953927D94A0E571BB80FD639 /* Build configuration list for PBXNativeTarget "SCPFoundationTests" */ = {
			isa = XCConfigurationList;
			buildConfigurations = (
				8C2D365A19920CC6610B8A10 /* Release */,
				9461E9FC21F224D51B2BD76B /* Debug */,
			);
			defaultConfigurationIsVisible = 0;
			defaultConfigurationName = Release;
		};
		B0561DC660158FFE0541358D /* Build configuration list for PBXNativeTarget "SCPFoundationWidgets" */ = {
			isa = XCConfigurationList;
			buildConfigurations = (
				7EB8D3F0CD96B60297AE2EA1 /* Release */,
				83CEA958607A44CD079BDFC1 /* Debug */,
			);
			defaultConfigurationIsVisible = 0;
			defaultConfigurationName = Release;
		};
		B7990F87B40A2259C3F10B8A /* Build configuration list for PBXNativeTarget "SCPFoundationMac" */ = {
			isa = XCConfigurationList;
			buildConfigurations = (
				4462AC07086E30E36D0272C1 /* Release */,
				C2728C2AD18F974FADA4B336 /* Debug */,
			);
			defaultConfigurationIsVisible = 0;
			defaultConfigurationName = Release;
		};
/* End XCConfigurationList section */
	};
	rootObject = FE4B8E9202FFAEE235D98951 /* Project object */;
}
